// !$*UTF8*$!
{
	archiveVersion = 1;
	classes = {
	};
	objectVersion = 46;
	objects = {

/* Begin PBXBuildFile section */
		6B35175D18179A1400F0BD25 /* SPGooglePlacesAutocompletePlace.m in Sources */ = {isa = PBXBuildFile; fileRef = 6B35175618179A1400F0BD25 /* SPGooglePlacesAutocompletePlace.m */; };
		6B35175E18179A1400F0BD25 /* SPGooglePlacesAutocompleteQuery.m in Sources */ = {isa = PBXBuildFile; fileRef = 6B35175818179A1400F0BD25 /* SPGooglePlacesAutocompleteQuery.m */; };
		6B35175F18179A1400F0BD25 /* SPGooglePlacesAutocompleteUtilities.m in Sources */ = {isa = PBXBuildFile; fileRef = 6B35175A18179A1400F0BD25 /* SPGooglePlacesAutocompleteUtilities.m */; };
		6B35176018179A1400F0BD25 /* SPGooglePlacesPlaceDetailQuery.m in Sources */ = {isa = PBXBuildFile; fileRef = 6B35175C18179A1400F0BD25 /* SPGooglePlacesPlaceDetailQuery.m */; };
		6B9E97C4181798970003E75B /* Default-568h@2x.png in Resources */ = {isa = PBXBuildFile; fileRef = 6B9E97C3181798970003E75B /* Default-568h@2x.png */; };
		9C4A632215B64A3F00E15FBA /* UIKit.framework in Frameworks */ = {isa = PBXBuildFile; fileRef = 9C4A632115B64A3F00E15FBA /* UIKit.framework */; };
		9C4A632415B64A3F00E15FBA /* Foundation.framework in Frameworks */ = {isa = PBXBuildFile; fileRef = 9C4A632315B64A3F00E15FBA /* Foundation.framework */; };
		9C4A632615B64A3F00E15FBA /* CoreGraphics.framework in Frameworks */ = {isa = PBXBuildFile; fileRef = 9C4A632515B64A3F00E15FBA /* CoreGraphics.framework */; };
		9C4A632C15B64A3F00E15FBA /* InfoPlist.strings in Resources */ = {isa = PBXBuildFile; fileRef = 9C4A632A15B64A3F00E15FBA /* InfoPlist.strings */; };
		9C4A632E15B64A3F00E15FBA /* main.m in Sources */ = {isa = PBXBuildFile; fileRef = 9C4A632D15B64A3F00E15FBA /* main.m */; };
		9C4A633215B64A3F00E15FBA /* AppDelegate.m in Sources */ = {isa = PBXBuildFile; fileRef = 9C4A633115B64A3F00E15FBA /* AppDelegate.m */; };
		9C4A633C15B64C9200E15FBA /* CoreLocation.framework in Frameworks */ = {isa = PBXBuildFile; fileRef = 9C4A633B15B64C9200E15FBA /* CoreLocation.framework */; };
		9C4A634715B6950C00E15FBA /* SPGooglePlacesAutocompleteDemoViewController.m in Sources */ = {isa = PBXBuildFile; fileRef = 9C4A634515B6950B00E15FBA /* SPGooglePlacesAutocompleteDemoViewController.m */; };
		9C4A634815B6950C00E15FBA /* SPGooglePlacesAutocompleteDemoViewController.xib in Resources */ = {isa = PBXBuildFile; fileRef = 9C4A634615B6950B00E15FBA /* SPGooglePlacesAutocompleteDemoViewController.xib */; };
		9C4A634A15B695FA00E15FBA /* MapKit.framework in Frameworks */ = {isa = PBXBuildFile; fileRef = 9C4A634915B695FA00E15FBA /* MapKit.framework */; };
		9C4A63A615B6C01100E15FBA /* location.png in Resources */ = {isa = PBXBuildFile; fileRef = 9C4A63A415B6C01100E15FBA /* location.png */; };
		9C4A63A715B6C01100E15FBA /* location@2x.png in Resources */ = {isa = PBXBuildFile; fileRef = 9C4A63A515B6C01100E15FBA /* location@2x.png */; };
		9C4A63AE15B6C0DB00E15FBA /* locateButton.png in Resources */ = {isa = PBXBuildFile; fileRef = 9C4A63AC15B6C0DB00E15FBA /* locateButton.png */; };
		9C4A63AF15B6C0DB00E15FBA /* locateButton@2x.png in Resources */ = {isa = PBXBuildFile; fileRef = 9C4A63AD15B6C0DB00E15FBA /* locateButton@2x.png */; };
/* End PBXBuildFile section */

/* Begin PBXFileReference section */
		6B35175518179A1400F0BD25 /* SPGooglePlacesAutocompletePlace.h */ = {isa = PBXFileReference; fileEncoding = 4; lastKnownFileType = sourcecode.c.h; path = SPGooglePlacesAutocompletePlace.h; sourceTree = "<group>"; };
		6B35175618179A1400F0BD25 /* SPGooglePlacesAutocompletePlace.m */ = {isa = PBXFileReference; fileEncoding = 4; lastKnownFileType = sourcecode.c.objc; path = SPGooglePlacesAutocompletePlace.m; sourceTree = "<group>"; };
		6B35175718179A1400F0BD25 /* SPGooglePlacesAutocompleteQuery.h */ = {isa = PBXFileReference; fileEncoding = 4; lastKnownFileType = sourcecode.c.h; path = SPGooglePlacesAutocompleteQuery.h; sourceTree = "<group>"; };
		6B35175818179A1400F0BD25 /* SPGooglePlacesAutocompleteQuery.m */ = {isa = PBXFileReference; fileEncoding = 4; lastKnownFileType = sourcecode.c.objc; path = SPGooglePlacesAutocompleteQuery.m; sourceTree = "<group>"; };
		6B35175918179A1400F0BD25 /* SPGooglePlacesAutocompleteUtilities.h */ = {isa = PBXFileReference; fileEncoding = 4; lastKnownFileType = sourcecode.c.h; path = SPGooglePlacesAutocompleteUtilities.h; sourceTree = "<group>"; };
		6B35175A18179A1400F0BD25 /* SPGooglePlacesAutocompleteUtilities.m */ = {isa = PBXFileReference; fileEncoding = 4; lastKnownFileType = sourcecode.c.objc; path = SPGooglePlacesAutocompleteUtilities.m; sourceTree = "<group>"; };
		6B35175B18179A1400F0BD25 /* SPGooglePlacesPlaceDetailQuery.h */ = {isa = PBXFileReference; fileEncoding = 4; lastKnownFileType = sourcecode.c.h; path = SPGooglePlacesPlaceDetailQuery.h; sourceTree = "<group>"; };
		6B35175C18179A1400F0BD25 /* SPGooglePlacesPlaceDetailQuery.m */ = {isa = PBXFileReference; fileEncoding = 4; lastKnownFileType = sourcecode.c.objc; path = SPGooglePlacesPlaceDetailQuery.m; sourceTree = "<group>"; };
		6B35176118189AA200F0BD25 /* SPGooglePlacesAutocomplete.h */ = {isa = PBXFileReference; fileEncoding = 4; lastKnownFileType = sourcecode.c.h; path = SPGooglePlacesAutocomplete.h; sourceTree = "<group>"; };
		6B9E97C3181798970003E75B /* Default-568h@2x.png */ = {isa = PBXFileReference; lastKnownFileType = image.png; name = "Default-568h@2x.png"; path = "../Default-568h@2x.png"; sourceTree = "<group>"; };
		9C4A631D15B64A3F00E15FBA /* SPGooglePlacesAutocompleteDemo.app */ = {isa = PBXFileReference; explicitFileType = wrapper.application; includeInIndex = 0; path = SPGooglePlacesAutocompleteDemo.app; sourceTree = BUILT_PRODUCTS_DIR; };
		9C4A632115B64A3F00E15FBA /* UIKit.framework */ = {isa = PBXFileReference; lastKnownFileType = wrapper.framework; name = UIKit.framework; path = System/Library/Frameworks/UIKit.framework; sourceTree = SDKROOT; };
		9C4A632315B64A3F00E15FBA /* Foundation.framework */ = {isa = PBXFileReference; lastKnownFileType = wrapper.framework; name = Foundation.framework; path = System/Library/Frameworks/Foundation.framework; sourceTree = SDKROOT; };
		9C4A632515B64A3F00E15FBA /* CoreGraphics.framework */ = {isa = PBXFileReference; lastKnownFileType = wrapper.framework; name = CoreGraphics.framework; path = System/Library/Frameworks/CoreGraphics.framework; sourceTree = SDKROOT; };
		9C4A632915B64A3F00E15FBA /* SPGooglePlacesAutocompleteDemo-Info.plist */ = {isa = PBXFileReference; lastKnownFileType = text.plist.xml; path = "SPGooglePlacesAutocompleteDemo-Info.plist"; sourceTree = "<group>"; };
		9C4A632B15B64A3F00E15FBA /* en */ = {isa = PBXFileReference; lastKnownFileType = text.plist.strings; name = en; path = en.lproj/InfoPlist.strings; sourceTree = "<group>"; };
		9C4A632D15B64A3F00E15FBA /* main.m */ = {isa = PBXFileReference; lastKnownFileType = sourcecode.c.objc; path = main.m; sourceTree = "<group>"; };
		9C4A632F15B64A3F00E15FBA /* SPGooglePlacesAutocompleteDemo-Prefix.pch */ = {isa = PBXFileReference; lastKnownFileType = sourcecode.c.h; path = "SPGooglePlacesAutocompleteDemo-Prefix.pch"; sourceTree = "<group>"; };
		9C4A633015B64A3F00E15FBA /* AppDelegate.h */ = {isa = PBXFileReference; lastKnownFileType = sourcecode.c.h; path = AppDelegate.h; sourceTree = "<group>"; };
		9C4A633115B64A3F00E15FBA /* AppDelegate.m */ = {isa = PBXFileReference; lastKnownFileType = sourcecode.c.objc; path = AppDelegate.m; sourceTree = "<group>"; };
		9C4A633B15B64C9200E15FBA /* CoreLocation.framework */ = {isa = PBXFileReference; lastKnownFileType = wrapper.framework; name = CoreLocation.framework; path = System/Library/Frameworks/CoreLocation.framework; sourceTree = SDKROOT; };
		9C4A634415B6950B00E15FBA /* SPGooglePlacesAutocompleteDemoViewController.h */ = {isa = PBXFileReference; fileEncoding = 4; lastKnownFileType = sourcecode.c.h; path = SPGooglePlacesAutocompleteDemoViewController.h; sourceTree = "<group>"; };
		9C4A634515B6950B00E15FBA /* SPGooglePlacesAutocompleteDemoViewController.m */ = {isa = PBXFileReference; fileEncoding = 4; lastKnownFileType = sourcecode.c.objc; path = SPGooglePlacesAutocompleteDemoViewController.m; sourceTree = "<group>"; };
		9C4A634615B6950B00E15FBA /* SPGooglePlacesAutocompleteDemoViewController.xib */ = {isa = PBXFileReference; fileEncoding = 4; lastKnownFileType = file.xib; path = SPGooglePlacesAutocompleteDemoViewController.xib; sourceTree = "<group>"; };
		9C4A634915B695FA00E15FBA /* MapKit.framework */ = {isa = PBXFileReference; lastKnownFileType = wrapper.framework; name = MapKit.framework; path = System/Library/Frameworks/MapKit.framework; sourceTree = SDKROOT; };
		9C4A63A415B6C01100E15FBA /* location.png */ = {isa = PBXFileReference; lastKnownFileType = image.png; path = location.png; sourceTree = "<group>"; };
		9C4A63A515B6C01100E15FBA /* location@2x.png */ = {isa = PBXFileReference; lastKnownFileType = image.png; path = "location@2x.png"; sourceTree = "<group>"; };
		9C4A63AC15B6C0DB00E15FBA /* locateButton.png */ = {isa = PBXFileReference; lastKnownFileType = image.png; path = locateButton.png; sourceTree = "<group>"; };
		9C4A63AD15B6C0DB00E15FBA /* locateButton@2x.png */ = {isa = PBXFileReference; lastKnownFileType = image.png; path = "locateButton@2x.png"; sourceTree = "<group>"; };
/* End PBXFileReference section */

/* Begin PBXFrameworksBuildPhase section */
		9C4A631A15B64A3F00E15FBA /* Frameworks */ = {
			isa = PBXFrameworksBuildPhase;
			buildActionMask = 2147483647;
			files = (
				9C4A634A15B695FA00E15FBA /* MapKit.framework in Frameworks */,
				9C4A633C15B64C9200E15FBA /* CoreLocation.framework in Frameworks */,
				9C4A632215B64A3F00E15FBA /* UIKit.framework in Frameworks */,
				9C4A632415B64A3F00E15FBA /* Foundation.framework in Frameworks */,
				9C4A632615B64A3F00E15FBA /* CoreGraphics.framework in Frameworks */,
			);
			runOnlyForDeploymentPostprocessing = 0;
		};
/* End PBXFrameworksBuildPhase section */

/* Begin PBXGroup section */
		6B35175418179A1400F0BD25 /* SPGooglePlacesAutocomplete */ = {
			isa = PBXGroup;
			children = (
				6B35176118189AA200F0BD25 /* SPGooglePlacesAutocomplete.h */,
				6B35175518179A1400F0BD25 /* SPGooglePlacesAutocompletePlace.h */,
				6B35175618179A1400F0BD25 /* SPGooglePlacesAutocompletePlace.m */,
				6B35175718179A1400F0BD25 /* SPGooglePlacesAutocompleteQuery.h */,
				6B35175818179A1400F0BD25 /* SPGooglePlacesAutocompleteQuery.m */,
				6B35175B18179A1400F0BD25 /* SPGooglePlacesPlaceDetailQuery.h */,
				6B35175C18179A1400F0BD25 /* SPGooglePlacesPlaceDetailQuery.m */,
				6B35175918179A1400F0BD25 /* SPGooglePlacesAutocompleteUtilities.h */,
				6B35175A18179A1400F0BD25 /* SPGooglePlacesAutocompleteUtilities.m */,
			);
			name = SPGooglePlacesAutocomplete;
			path = ../SPGooglePlacesAutocomplete;
			sourceTree = "<group>";
		};
		9C4A631215B64A3F00E15FBA = {
			isa = PBXGroup;
			children = (
				6B35175418179A1400F0BD25 /* SPGooglePlacesAutocomplete */,
				9C4A632715B64A3F00E15FBA /* SPGooglePlacesAutocompleteDemo */,
				9C4A632015B64A3F00E15FBA /* Frameworks */,
				9C4A631E15B64A3F00E15FBA /* Products */,
			);
			sourceTree = "<group>";
		};
		9C4A631E15B64A3F00E15FBA /* Products */ = {
			isa = PBXGroup;
			children = (
				9C4A631D15B64A3F00E15FBA /* SPGooglePlacesAutocompleteDemo.app */,
			);
			name = Products;
			sourceTree = "<group>";
		};
		9C4A632015B64A3F00E15FBA /* Frameworks */ = {
			isa = PBXGroup;
			children = (
				9C4A634915B695FA00E15FBA /* MapKit.framework */,
				9C4A633B15B64C9200E15FBA /* CoreLocation.framework */,
				9C4A632115B64A3F00E15FBA /* UIKit.framework */,
				9C4A632315B64A3F00E15FBA /* Foundation.framework */,
				9C4A632515B64A3F00E15FBA /* CoreGraphics.framework */,
			);
			name = Frameworks;
			sourceTree = "<group>";
		};
		9C4A632715B64A3F00E15FBA /* SPGooglePlacesAutocompleteDemo */ = {
			isa = PBXGroup;
			children = (
				9C4A633015B64A3F00E15FBA /* AppDelegate.h */,
				9C4A633115B64A3F00E15FBA /* AppDelegate.m */,
				9C4A634415B6950B00E15FBA /* SPGooglePlacesAutocompleteDemoViewController.h */,
				9C4A634515B6950B00E15FBA /* SPGooglePlacesAutocompleteDemoViewController.m */,
				9C4A634615B6950B00E15FBA /* SPGooglePlacesAutocompleteDemoViewController.xib */,
				9C4A632815B64A3F00E15FBA /* Supporting Files */,
				9C4A63A315B6BFFC00E15FBA /* Resources */,
			);
			name = SPGooglePlacesAutocompleteDemo;
			path = SPGooglePlacesAutocomplete;
			sourceTree = "<group>";
		};
		9C4A632815B64A3F00E15FBA /* Supporting Files */ = {
			isa = PBXGroup;
			children = (
				6B9E97C3181798970003E75B /* Default-568h@2x.png */,
				9C4A632915B64A3F00E15FBA /* SPGooglePlacesAutocompleteDemo-Info.plist */,
				9C4A632A15B64A3F00E15FBA /* InfoPlist.strings */,
				9C4A632D15B64A3F00E15FBA /* main.m */,
				9C4A632F15B64A3F00E15FBA /* SPGooglePlacesAutocompleteDemo-Prefix.pch */,
			);
			name = "Supporting Files";
			sourceTree = "<group>";
		};
		9C4A63A315B6BFFC00E15FBA /* Resources */ = {
			isa = PBXGroup;
			children = (
				9C4A63AC15B6C0DB00E15FBA /* locateButton.png */,
				9C4A63AD15B6C0DB00E15FBA /* locateButton@2x.png */,
				9C4A63A415B6C01100E15FBA /* location.png */,
				9C4A63A515B6C01100E15FBA /* location@2x.png */,
			);
			name = Resources;
			sourceTree = "<group>";
		};
/* End PBXGroup section */

/* Begin PBXNativeTarget section */
		9C4A631C15B64A3F00E15FBA /* SPGooglePlacesAutocompleteDemo */ = {
			isa = PBXNativeTarget;
			buildConfigurationList = 9C4A633515B64A3F00E15FBA /* Build configuration list for PBXNativeTarget "SPGooglePlacesAutocompleteDemo" */;
			buildPhases = (
				9C4A631915B64A3F00E15FBA /* Sources */,
				9C4A631A15B64A3F00E15FBA /* Frameworks */,
				9C4A631B15B64A3F00E15FBA /* Resources */,
			);
			buildRules = (
			);
			dependencies = (
			);
			name = SPGooglePlacesAutocompleteDemo;
			productName = SPGooglePlacesAutocomplete;
			productReference = 9C4A631D15B64A3F00E15FBA /* SPGooglePlacesAutocompleteDemo.app */;
			productType = "com.apple.product-type.application";
		};
/* End PBXNativeTarget section */

/* Begin PBXProject section */
		9C4A631415B64A3F00E15FBA /* Project object */ = {
			isa = PBXProject;
			attributes = {
				LastUpgradeCheck = 0510;
				ORGANIZATIONNAME = tickbox.com.au;
			};
			buildConfigurationList = 9C4A631715B64A3F00E15FBA /* Build configuration list for PBXProject "SPGooglePlacesAutocompleteDemo" */;
			compatibilityVersion = "Xcode 3.2";
			developmentRegion = English;
			hasScannedForEncodings = 0;
			knownRegions = (
				en,
			);
			mainGroup = 9C4A631215B64A3F00E15FBA;
			productRefGroup = 9C4A631E15B64A3F00E15FBA /* Products */;
			projectDirPath = "";
			projectRoot = "";
			targets = (
				9C4A631C15B64A3F00E15FBA /* SPGooglePlacesAutocompleteDemo */,
			);
		};
/* End PBXProject section */

/* Begin PBXResourcesBuildPhase section */
		9C4A631B15B64A3F00E15FBA /* Resources */ = {
			isa = PBXResourcesBuildPhase;
			buildActionMask = 2147483647;
			files = (
				9C4A632C15B64A3F00E15FBA /* InfoPlist.strings in Resources */,
				9C4A634815B6950C00E15FBA /* SPGooglePlacesAutocompleteDemoViewController.xib in Resources */,
				9C4A63A615B6C01100E15FBA /* location.png in Resources */,
				9C4A63A715B6C01100E15FBA /* location@2x.png in Resources */,
				9C4A63AE15B6C0DB00E15FBA /* locateButton.png in Resources */,
				6B9E97C4181798970003E75B /* Default-568h@2x.png in Resources */,
				9C4A63AF15B6C0DB00E15FBA /* locateButton@2x.png in Resources */,
			);
			runOnlyForDeploymentPostprocessing = 0;
		};
/* End PBXResourcesBuildPhase section */

/* Begin PBXSourcesBuildPhase section */
		9C4A631915B64A3F00E15FBA /* Sources */ = {
			isa = PBXSourcesBuildPhase;
			buildActionMask = 2147483647;
			files = (
				9C4A632E15B64A3F00E15FBA /* main.m in Sources */,
				6B35175E18179A1400F0BD25 /* SPGooglePlacesAutocompleteQuery.m in Sources */,
				6B35176018179A1400F0BD25 /* SPGooglePlacesPlaceDetailQuery.m in Sources */,
				6B35175F18179A1400F0BD25 /* SPGooglePlacesAutocompleteUtilities.m in Sources */,
				6B35175D18179A1400F0BD25 /* SPGooglePlacesAutocompletePlace.m in Sources */,
				9C4A633215B64A3F00E15FBA /* AppDelegate.m in Sources */,
				9C4A634715B6950C00E15FBA /* SPGooglePlacesAutocompleteDemoViewController.m in Sources */,
			);
			runOnlyForDeploymentPostprocessing = 0;
		};
/* End PBXSourcesBuildPhase section */

/* Begin PBXVariantGroup section */
		9C4A632A15B64A3F00E15FBA /* InfoPlist.strings */ = {
			isa = PBXVariantGroup;
			children = (
				9C4A632B15B64A3F00E15FBA /* en */,
			);
			name = InfoPlist.strings;
			sourceTree = "<group>";
		};
/* End PBXVariantGroup section */

/* Begin XCBuildConfiguration section */
		9C4A633315B64A3F00E15FBA /* Debug */ = {
			isa = XCBuildConfiguration;
			buildSettings = {
				ALWAYS_SEARCH_USER_PATHS = NO;
				CLANG_CXX_LANGUAGE_STANDARD = "gnu++0x";
				CLANG_CXX_LIBRARY = "libc++";
				CLANG_WARN__DUPLICATE_METHOD_MATCH = YES;
				"CODE_SIGN_IDENTITY[sdk=iphoneos*]" = "iPhone Developer";
				COPY_PHASE_STRIP = NO;
				GCC_C_LANGUAGE_STANDARD = gnu99;
				GCC_DYNAMIC_NO_PIC = NO;
				GCC_OPTIMIZATION_LEVEL = 0;
				GCC_PREPROCESSOR_DEFINITIONS = (
					"DEBUG=1",
					"$(inherited)",
				);
				GCC_SYMBOLS_PRIVATE_EXTERN = NO;
				GCC_WARN_ABOUT_RETURN_TYPE = YES;
				GCC_WARN_UNINITIALIZED_AUTOS = YES;
				GCC_WARN_UNUSED_VARIABLE = YES;
				IPHONEOS_DEPLOYMENT_TARGET = 6.0;
				ONLY_ACTIVE_ARCH = YES;
				SDKROOT = iphoneos;
			};
			name = Debug;
		};
		9C4A633415B64A3F00E15FBA /* Release */ = {
			isa = XCBuildConfiguration;
			buildSettings = {
				ALWAYS_SEARCH_USER_PATHS = NO;
				CLANG_CXX_LANGUAGE_STANDARD = "gnu++0x";
				CLANG_CXX_LIBRARY = "libc++";
				CLANG_WARN__DUPLICATE_METHOD_MATCH = YES;
				"CODE_SIGN_IDENTITY[sdk=iphoneos*]" = "iPhone Developer";
				COPY_PHASE_STRIP = YES;
				GCC_C_LANGUAGE_STANDARD = gnu99;
				GCC_WARN_ABOUT_RETURN_TYPE = YES;
				GCC_WARN_UNINITIALIZED_AUTOS = YES;
				GCC_WARN_UNUSED_VARIABLE = YES;
				IPHONEOS_DEPLOYMENT_TARGET = 6.0;
				OTHER_CFLAGS = "-DNS_BLOCK_ASSERTIONS=1";
				SDKROOT = iphoneos;
				VALIDATE_PRODUCT = YES;
			};
			name = Release;
		};
		9C4A633615B64A3F00E15FBA /* Debug */ = {
			isa = XCBuildConfiguration;
			buildSettings = {
				CLANG_ENABLE_OBJC_ARC = YES;
				GCC_PRECOMPILE_PREFIX_HEADER = YES;
				GCC_PREFIX_HEADER = "SPGooglePlacesAutocomplete/SPGooglePlacesAutocompleteDemo-Prefix.pch";
				INFOPLIST_FILE = "SPGooglePlacesAutocomplete/SPGooglePlacesAutocompleteDemo-Info.plist";
				IPHONEOS_DEPLOYMENT_TARGET = 6.0;
				PRODUCT_NAME = SPGooglePlacesAutocompleteDemo;
				WRAPPER_EXTENSION = app;
			};
			name = Debug;
		};
		9C4A633715B64A3F00E15FBA /* Release */ = {
			isa = XCBuildConfiguration;
			buildSettings = {
				CLANG_ENABLE_OBJC_ARC = YES;
				GCC_PRECOMPILE_PREFIX_HEADER = YES;
				GCC_PREFIX_HEADER = "SPGooglePlacesAutocomplete/SPGooglePlacesAutocompleteDemo-Prefix.pch";
				INFOPLIST_FILE = "SPGooglePlacesAutocomplete/SPGooglePlacesAutocompleteDemo-Info.plist";
				IPHONEOS_DEPLOYMENT_TARGET = 6.0;
				PRODUCT_NAME = SPGooglePlacesAutocompleteDemo;
				WRAPPER_EXTENSION = app;
			};
			name = Release;
		};
/* End XCBuildConfiguration section */

/* Begin XCConfigurationList section */
		9C4A631715B64A3F00E15FBA /* Build configuration list for PBXProject "SPGooglePlacesAutocompleteDemo" */ = {
			isa = XCConfigurationList;
			buildConfigurations = (
				9C4A633315B64A3F00E15FBA /* Debug */,
				9C4A633415B64A3F00E15FBA /* Release */,
			);
			defaultConfigurationIsVisible = 0;
			defaultConfigurationName = Release;
		};
		9C4A633515B64A3F00E15FBA /* Build configuration list for PBXNativeTarget "SPGooglePlacesAutocompleteDemo" */ = {
			isa = XCConfigurationList;
			buildConfigurations = (
				9C4A633615B64A3F00E15FBA /* Debug */,
				9C4A633715B64A3F00E15FBA /* Release */,
			);
			defaultConfigurationIsVisible = 0;
			defaultConfigurationName = Release;
		};
/* End XCConfigurationList section */
	};
	rootObject = 9C4A631415B64A3F00E15FBA /* Project object */;
}
